
Microsoft Visual Studio Solution File, Format Version 12.00
# Visual Studio Version 16
VisualStudioVersion = 16.0.29709.97
MinimumVisualStudioVersion = 10.0.40219.1
Project("{FAE04EC0-301F-11D3-BF4B-00C04F79EFBC}") = "Model", "Model\Model.csproj", "{19ADF351-55D1-4F59-8F80-EE1EC4BB3927}"
EndProject
Project("{FAE04EC0-301F-11D3-BF4B-00C04F79EFBC}") = "Interface", "Interface\Interface.csproj", "{491CDBC0-A0AA-4516-BBD2-0DEDD93A48CB}"
EndProject
Project("{FAE04EC0-301F-11D3-BF4B-00C04F79EFBC}") = "Repository", "Repository\Repository.csproj", "{5F80DD5D-9919-4FE4-BF1A-192ACC7BADC6}"
EndProject
Project("{FAE04EC0-301F-11D3-BF4B-00C04F79EFBC}") = "Helper", "Helper\Helper.csproj", "{239D5C2E-5EB5-4F79-8207-814BDAD859AD}"
EndProject
Project("{FAE04EC0-301F-11D3-BF4B-00C04F79EFBC}") = "BL", "BL\BL.csproj", "{20B925B7-46FC-40C1-BAD1-3FEAE4A3829F}"
EndProject
Project("{FAE04EC0-301F-11D3-BF4B-00C04F79EFBC}") = "Utility", "Utility\Utility.csproj", "{EB469280-C7AB-4765-8718-392403B152AD}"
EndProject
Project("{FAE04EC0-301F-11D3-BF4B-00C04F79EFBC}") = "Api", "Api\Api.csproj", "{BCC5D0AB-CD2F-41B3-9BD3-4480F24CB101}"
EndProject
Project("{2150E333-8FDC-42A3-9474-1A3956D46DE8}") = "Host", "Host", "{80C7D0B0-83E8-4322-93AC-BA2EEF986D8D}"
EndProject
Project("{2150E333-8FDC-42A3-9474-1A3956D46DE8}") = "HelperLibrary", "HelperLibrary", "{9F98F758-8990-415D-936C-FC160273856E}"
EndProject
Project("{2150E333-8FDC-42A3-9474-1A3956D46DE8}") = "Service", "Service", "{4DC045F1-6137-4AC3-9588-0A25E416E296}"
EndProject
Project("{2150E333-8FDC-42A3-9474-1A3956D46DE8}") = "AngularApp", "AngularApp", "{038B8F29-5C45-4E4F-90BA-C93490DF7CF4}"
EndProject
Project("{FAE04EC0-301F-11D3-BF4B-00C04F79EFBC}") = "Angular", "Angular\Angular.csproj", "{4A1D9554-AC50-452D-B32C-C60A4DE5BE01}"
EndProject
Global
	GlobalSection(SolutionConfigurationPlatforms) = preSolution
		Debug|Any CPU = Debug|Any CPU
		Release|Any CPU = Release|Any CPU
	EndGlobalSection
	GlobalSection(ProjectConfigurationPlatforms) = postSolution
		{19ADF351-55D1-4F59-8F80-EE1EC4BB3927}.Debug|Any CPU.ActiveCfg = Debug|Any CPU
		{19ADF351-55D1-4F59-8F80-EE1EC4BB3927}.Debug|Any CPU.Build.0 = Debug|Any CPU
		{19ADF351-55D1-4F59-8F80-EE1EC4BB3927}.Release|Any CPU.ActiveCfg = Release|Any CPU
		{19ADF351-55D1-4F59-8F80-EE1EC4BB3927}.Release|Any CPU.Build.0 = Release|Any CPU
		{491CDBC0-A0AA-4516-BBD2-0DEDD93A48CB}.Debug|Any CPU.ActiveCfg = Debug|Any CPU
		{491CDBC0-A0AA-4516-BBD2-0DEDD93A48CB}.Debug|Any CPU.Build.0 = Debug|Any CPU
		{491CDBC0-A0AA-4516-BBD2-0DEDD93A48CB}.Release|Any CPU.ActiveCfg = Release|Any CPU
		{491CDBC0-A0AA-4516-BBD2-0DEDD93A48CB}.Release|Any CPU.Build.0 = Release|Any CPU
		{5F80DD5D-9919-4FE4-BF1A-192ACC7BADC6}.Debug|Any CPU.ActiveCfg = Debug|Any CPU
		{5F80DD5D-9919-4FE4-BF1A-192ACC7BADC6}.Debug|Any CPU.Build.0 = Debug|Any CPU
		{5F80DD5D-9919-4FE4-BF1A-192ACC7BADC6}.Release|Any CPU.ActiveCfg = Release|Any CPU
		{5F80DD5D-9919-4FE4-BF1A-192ACC7BADC6}.Release|Any CPU.Build.0 = Release|Any CPU
		{239D5C2E-5EB5-4F79-8207-814BDAD859AD}.Debug|Any CPU.ActiveCfg = Debug|Any CPU
		{239D5C2E-5EB5-4F79-8207-814BDAD859AD}.Debug|Any CPU.Build.0 = Debug|Any CPU
		{239D5C2E-5EB5-4F79-8207-814BDAD859AD}.Release|Any CPU.ActiveCfg = Release|Any CPU
		{239D5C2E-5EB5-4F79-8207-814BDAD859AD}.Release|Any CPU.Build.0 = Release|Any CPU
		{20B925B7-46FC-40C1-BAD1-3FEAE4A3829F}.Debug|Any CPU.ActiveCfg = Debug|Any CPU
		{20B925B7-46FC-40C1-BAD1-3FEAE4A3829F}.Debug|Any CPU.Build.0 = Debug|Any CPU
		{20B925B7-46FC-40C1-BAD1-3FEAE4A3829F}.Release|Any CPU.ActiveCfg = Release|Any CPU
		{20B925B7-46FC-40C1-BAD1-3FEAE4A3829F}.Release|Any CPU.Build.0 = Release|Any CPU
		{EB469280-C7AB-4765-8718-392403B152AD}.Debug|Any CPU.ActiveCfg = Debug|Any CPU
		{EB469280-C7AB-4765-8718-392403B152AD}.Debug|Any CPU.Build.0 = Debug|Any CPU
		{EB469280-C7AB-4765-8718-392403B152AD}.Release|Any CPU.ActiveCfg = Release|Any CPU
		{EB469280-C7AB-4765-8718-392403B152AD}.Release|Any CPU.Build.0 = Release|Any CPU
		{BCC5D0AB-CD2F-41B3-9BD3-4480F24CB101}.Debug|Any CPU.ActiveCfg = Debug|Any CPU
		{BCC5D0AB-CD2F-41B3-9BD3-4480F24CB101}.Debug|Any CPU.Build.0 = Debug|Any CPU
		{BCC5D0AB-CD2F-41B3-9BD3-4480F24CB101}.Release|Any CPU.ActiveCfg = Release|Any CPU
		{BCC5D0AB-CD2F-41B3-9BD3-4480F24CB101}.Release|Any CPU.Build.0 = Release|Any CPU
		{4A1D9554-AC50-452D-B32C-C60A4DE5BE01}.Debug|Any CPU.ActiveCfg = Debug|Any CPU
		{4A1D9554-AC50-452D-B32C-C60A4DE5BE01}.Debug|Any CPU.Build.0 = Debug|Any CPU
		{4A1D9554-AC50-452D-B32C-C60A4DE5BE01}.Release|Any CPU.ActiveCfg = Release|Any CPU
		{4A1D9554-AC50-452D-B32C-C60A4DE5BE01}.Release|Any CPU.Build.0 = Release|Any CPU
	EndGlobalSection
	GlobalSection(SolutionProperties) = preSolution
		HideSolutionNode = FALSE
	EndGlobalSection
	GlobalSection(NestedProjects) = preSolution
		{491CDBC0-A0AA-4516-BBD2-0DEDD93A48CB} = {4DC045F1-6137-4AC3-9588-0A25E416E296}
		{239D5C2E-5EB5-4F79-8207-814BDAD859AD} = {9F98F758-8990-415D-936C-FC160273856E}
		{20B925B7-46FC-40C1-BAD1-3FEAE4A3829F} = {4DC045F1-6137-4AC3-9588-0A25E416E296}
		{EB469280-C7AB-4765-8718-392403B152AD} = {4DC045F1-6137-4AC3-9588-0A25E416E296}
		{BCC5D0AB-CD2F-41B3-9BD3-4480F24CB101} = {80C7D0B0-83E8-4322-93AC-BA2EEF986D8D}
		{4A1D9554-AC50-452D-B32C-C60A4DE5BE01} = {038B8F29-5C45-4E4F-90BA-C93490DF7CF4}
	EndGlobalSection
	GlobalSection(ExtensibilityGlobals) = postSolution
		SolutionGuid = {9E8099F6-59B2-4AF8-A924-9A88CD1D2B40}
	EndGlobalSection
EndGlobal
